
Microsoft Visual Studio Solution File, Format Version 12.00
# Visual Studio Version 16
VisualStudioVersion = 16.0.33328.57
MinimumVisualStudioVersion = 10.0.40219.1
Project("{9A19103F-16F7-4668-BE54-9A1E7A4F7556}") = "ObjectToGeneric", "ConsoleApp1\ObjectToGeneric.csproj", "{510903B6-9FB8-4341-B302-526901301B71}"
EndProject
Project("{9A19103F-16F7-4668-BE54-9A1E7A4F7556}") = "MethodToGeneric", "MethodToGeneric\MethodToGeneric.csproj", "{CB0E7E14-6C25-46FD-8172-DFADFF6C2111}"
EndProject
Project("{9A19103F-16F7-4668-BE54-9A1E7A4F7556}") = "ClassToGeneric", "ClassToGeneric\ClassToGeneric.csproj", "{B7D60D9E-B2FB-4743-9289-0497B681BC82}"
EndProject
Project("{9A19103F-16F7-4668-BE54-9A1E7A4F7556}") = "ClassToIEnumberableGeneric", "ClassToIEnumberableGeneric\ClassToIEnumberableGeneric.csproj", "{D988D36A-D6AE-4F57-9C44-B349D5CAEBA8}"
EndProject
Project("{9A19103F-16F7-4668-BE54-9A1E7A4F7556}") = "RepositoryPattern", "Lambdas\RepositoryPattern.csproj", "{21D43758-1D70-4579-8923-CC48FDBB2F5D}"
EndProject
Project("{9A19103F-16F7-4668-BE54-9A1E7A4F7556}") = "DependancyInjectionExample", "DependancyInjectionExample\DependancyInjectionExample.csproj", "{E0CC64BF-CEF1-48CE-B30C-92D2159314E7}"
EndProject
Project("{FAE04EC0-301F-11D3-BF4B-00C04F79EFBC}") = "As", "As\As.csproj", "{40CA43C0-623F-4499-9109-7343AEF24545}"
EndProject
Project("{FAE04EC0-301F-11D3-BF4B-00C04F79EFBC}") = "TernaryConditionalOperator", "TernaryConditionalOperator\TernaryConditionalOperator.csproj", "{A50C9F68-0CF3-469F-B4A2-788663B56070}"
EndProject
Global
	GlobalSection(SolutionConfigurationPlatforms) = preSolution
		Debug|Any CPU = Debug|Any CPU
		Release|Any CPU = Release|Any CPU
	EndGlobalSection
	GlobalSection(ProjectConfigurationPlatforms) = postSolution
		{510903B6-9FB8-4341-B302-526901301B71}.Debug|Any CPU.ActiveCfg = Debug|Any CPU
		{510903B6-9FB8-4341-B302-526901301B71}.Debug|Any CPU.Build.0 = Debug|Any CPU
		{510903B6-9FB8-4341-B302-526901301B71}.Release|Any CPU.ActiveCfg = Release|Any CPU
		{510903B6-9FB8-4341-B302-526901301B71}.Release|Any CPU.Build.0 = Release|Any CPU
		{CB0E7E14-6C25-46FD-8172-DFADFF6C2111}.Debug|Any CPU.ActiveCfg = Debug|Any CPU
		{CB0E7E14-6C25-46FD-8172-DFADFF6C2111}.Debug|Any CPU.Build.0 = Debug|Any CPU
		{CB0E7E14-6C25-46FD-8172-DFADFF6C2111}.Release|Any CPU.ActiveCfg = Release|Any CPU
		{CB0E7E14-6C25-46FD-8172-DFADFF6C2111}.Release|Any CPU.Build.0 = Release|Any CPU
		{B7D60D9E-B2FB-4743-9289-0497B681BC82}.Debug|Any CPU.ActiveCfg = Debug|Any CPU
		{B7D60D9E-B2FB-4743-9289-0497B681BC82}.Debug|Any CPU.Build.0 = Debug|Any CPU
		{B7D60D9E-B2FB-4743-9289-0497B681BC82}.Release|Any CPU.ActiveCfg = Release|Any CPU
		{B7D60D9E-B2FB-4743-9289-0497B681BC82}.Release|Any CPU.Build.0 = Release|Any CPU
		{D988D36A-D6AE-4F57-9C44-B349D5CAEBA8}.Debug|Any CPU.ActiveCfg = Debug|Any CPU
		{D988D36A-D6AE-4F57-9C44-B349D5CAEBA8}.Debug|Any CPU.Build.0 = Debug|Any CPU
		{D988D36A-D6AE-4F57-9C44-B349D5CAEBA8}.Release|Any CPU.ActiveCfg = Release|Any CPU
		{D988D36A-D6AE-4F57-9C44-B349D5CAEBA8}.Release|Any CPU.Build.0 = Release|Any CPU
		{21D43758-1D70-4579-8923-CC48FDBB2F5D}.Debug|Any CPU.ActiveCfg = Debug|Any CPU
		{21D43758-1D70-4579-8923-CC48FDBB2F5D}.Debug|Any CPU.Build.0 = Debug|Any CPU
		{21D43758-1D70-4579-8923-CC48FDBB2F5D}.Release|Any CPU.ActiveCfg = Release|Any CPU
		{21D43758-1D70-4579-8923-CC48FDBB2F5D}.Release|Any CPU.Build.0 = Release|Any CPU
		{E0CC64BF-CEF1-48CE-B30C-92D2159314E7}.Debug|Any CPU.ActiveCfg = Debug|Any CPU
		{E0CC64BF-CEF1-48CE-B30C-92D2159314E7}.Debug|Any CPU.Build.0 = Debug|Any CPU
		{E0CC64BF-CEF1-48CE-B30C-92D2159314E7}.Release|Any CPU.ActiveCfg = Release|Any CPU
		{E0CC64BF-CEF1-48CE-B30C-92D2159314E7}.Release|Any CPU.Build.0 = Release|Any CPU
		{40CA43C0-623F-4499-9109-7343AEF24545}.Debug|Any CPU.ActiveCfg = Debug|Any CPU
		{40CA43C0-623F-4499-9109-7343AEF24545}.Debug|Any CPU.Build.0 = Debug|Any CPU
		{40CA43C0-623F-4499-9109-7343AEF24545}.Release|Any CPU.ActiveCfg = Release|Any CPU
		{40CA43C0-623F-4499-9109-7343AEF24545}.Release|Any CPU.Build.0 = Release|Any CPU
		{A50C9F68-0CF3-469F-B4A2-788663B56070}.Debug|Any CPU.ActiveCfg = Debug|Any CPU
		{A50C9F68-0CF3-469F-B4A2-788663B56070}.Debug|Any CPU.Build.0 = Debug|Any CPU
		{A50C9F68-0CF3-469F-B4A2-788663B56070}.Release|Any CPU.ActiveCfg = Release|Any CPU
		{A50C9F68-0CF3-469F-B4A2-788663B56070}.Release|Any CPU.Build.0 = Release|Any CPU
	EndGlobalSection
	GlobalSection(SolutionProperties) = preSolution
		HideSolutionNode = FALSE
	EndGlobalSection
	GlobalSection(ExtensibilityGlobals) = postSolution
		SolutionGuid = {4EEC5451-76B6-4695-86C0-9EF313316404}
	EndGlobalSection
EndGlobal
